
Microsoft Visual Studio Solution File, Format Version 12.00
# Visual Studio Version 16
VisualStudioVersion = 16.0.28803.452
MinimumVisualStudioVersion = 10.0.40219.1
Project("{FAE04EC0-301F-11D3-BF4B-00C04F79EFBC}") = "tp3", "tp3.csproj", "{D2745E77-B2CE-4D2E-BF17-BD9213DEB0BD}"
EndProject
Global
	GlobalSection(SolutionConfigurationPlatforms) = preSolution
		Debug|Any CPU = Debug|Any CPU
		Release|Any CPU = Release|Any CPU
	EndGlobalSection
	GlobalSection(ProjectConfigurationPlatforms) = postSolution
		{D2745E77-B2CE-4D2E-BF17-BD9213DEB0BD}.Debug|Any CPU.ActiveCfg = Debug|Any CPU
		{D2745E77-B2CE-4D2E-BF17-BD9213DEB0BD}.Debug|Any CPU.Build.0 = Debug|Any CPU
		{D2745E77-B2CE-4D2E-BF17-BD9213DEB0BD}.Release|Any CPU.ActiveCfg = Release|Any CPU
		{D2745E77-B2CE-4D2E-BF17-BD9213DEB0BD}.Release|Any CPU.Build.0 = Release|Any CPU
	EndGlobalSection
	GlobalSection(SolutionProperties) = preSolution
		HideSolutionNode = FALSE
	EndGlobalSection
	GlobalSection(ExtensibilityGlobals) = postSolution
		SolutionGuid = {2DC6082D-F731-4408-B64E-0B0269891B0A}
	EndGlobalSection
EndGlobal
